
Microsoft Visual Studio Solution File, Format Version 12.00
Project("{FAE04EC0-301F-11D3-BF4B-00C04F79EFBC}") = "SpecFlowCalculator", "SpecFlowCalculator\SpecFlowCalculator.csproj", "{36DF06F1-02EB-48B7-8483-6A202257B1EE}"
EndProject
Project("{FAE04EC0-301F-11D3-BF4B-00C04F79EFBC}") = "SpecFlowCalculator.Specs", "SpecFlowCalculator.Specs\SpecFlowCalculator.Specs.csproj", "{73DBE585-6ADB-422C-AFEB-CEE1158BA6B4}"
EndProject
Global
	GlobalSection(SolutionConfigurationPlatforms) = preSolution
		Debug|Any CPU = Debug|Any CPU
		Release|Any CPU = Release|Any CPU
	EndGlobalSection
	GlobalSection(ProjectConfigurationPlatforms) = postSolution
		{36DF06F1-02EB-48B7-8483-6A202257B1EE}.Debug|Any CPU.ActiveCfg = Debug|Any CPU
		{36DF06F1-02EB-48B7-8483-6A202257B1EE}.Debug|Any CPU.Build.0 = Debug|Any CPU
		{36DF06F1-02EB-48B7-8483-6A202257B1EE}.Release|Any CPU.ActiveCfg = Release|Any CPU
		{36DF06F1-02EB-48B7-8483-6A202257B1EE}.Release|Any CPU.Build.0 = Release|Any CPU
		{73DBE585-6ADB-422C-AFEB-CEE1158BA6B4}.Debug|Any CPU.ActiveCfg = Debug|Any CPU
		{73DBE585-6ADB-422C-AFEB-CEE1158BA6B4}.Debug|Any CPU.Build.0 = Debug|Any CPU
		{73DBE585-6ADB-422C-AFEB-CEE1158BA6B4}.Release|Any CPU.ActiveCfg = Release|Any CPU
		{73DBE585-6ADB-422C-AFEB-CEE1158BA6B4}.Release|Any CPU.Build.0 = Release|Any CPU
	EndGlobalSection
EndGlobal
